{
  "lockfile_version": "1",
  "packages": {
    "cmake-format@latest": {
      "last_modified": "2025-12-04T13:50:22Z",
      "resolved": "github:NixOS/nixpkgs/ece6e266caf1effab32eceef0403b797b4330373#cmake-format",
      "source": "devbox-search",
      "version": "0.6.13",
      "systems": {
        "aarch64-darwin": {
          "outputs": [
            {
              "name": "out",
              "path": "/nix/store/93c304r3cxbmqch3z86lhkl889yh3bfi-cmake-format-0.6.13",
              "default": true
            },
            {
              "name": "dist",
              "path": "/nix/store/d3mps8cpm5c4bjs81l89lffif3f0ga38-cmake-format-0.6.13-dist"
            }
          ],
          "store_path": "/nix/store/93c304r3cxbmqch3z86lhkl889yh3bfi-cmake-format-0.6.13"
        },
        "aarch64-linux": {
          "outputs": [
            {
              "name": "out",
              "path": "/nix/store/m3wdbgl2qzwvkmkbs1sbsdxf8ad6x3qg-cmake-format-0.6.13",
              "default": true
            },
            {
              "name": "dist",
              "path": "/nix/store/04l1mna9abw7llxyk188nlrxvigprkx8-cmake-format-0.6.13-dist"
            }
          ],
          "store_path": "/nix/store/m3wdbgl2qzwvkmkbs1sbsdxf8ad6x3qg-cmake-format-0.6.13"
        },
        "x86_64-darwin": {
          "outputs": [
            {
              "name": "out",
              "path": "/nix/store/1sd0djy30i0n4zy4rdnwykwzj1fn2kgb-cmake-format-0.6.13",
              "default": true
            },
            {
              "name": "dist",
              "path": "/nix/store/q6wxcz3g8c676gbq255arzcgnkin3zni-cmake-format-0.6.13-dist"
            }
          ],
          "store_path": "/nix/store/1sd0djy30i0n4zy4rdnwykwzj1fn2kgb-cmake-format-0.6.13"
        },
        "x86_64-linux": {
          "outputs": [
            {
              "name": "out",
              "path": "/nix/store/bx2vyss71vgz46d9ak3ss6rlf3lsn7wb-cmake-format-0.6.13",
              "default": true
            },
            {
              "name": "dist",
              "path": "/nix/store/rlpygr7l576vn7lg5fi8prvnmndn2gzw-cmake-format-0.6.13-dist"
            }
          ],
          "store_path": "/nix/store/bx2vyss71vgz46d9ak3ss6rlf3lsn7wb-cmake-format-0.6.13"
        }
      }
    },
    "cmake@3.29": {
      "last_modified": "2024-10-13T23:44:06Z",
      "resolved": "github:NixOS/nixpkgs/d4f247e89f6e10120f911e2e2d2254a050d0f732#cmake",
      "source": "devbox-search",
      "version": "3.29.6",
      "systems": {
        "aarch64-darwin": {
          "outputs": [
            {
              "name": "out",
              "path": "/nix/store/a7v65i1rs0jbdjq578pk9h689fif32sd-cmake-3.29.6",
              "default": true
            }
          ],
          "store_path": "/nix/store/a7v65i1rs0jbdjq578pk9h689fif32sd-cmake-3.29.6"
        },
        "aarch64-linux": {
          "outputs": [
            {
              "name": "out",
              "path": "/nix/store/kap109b20fvapdkpk0djrqy5chqc8rgh-cmake-3.29.6",
              "default": true
            },
            {
              "name": "debug",
              "path": "/nix/store/k6dxnvzrpjng7f1vv3likb8p8x3a2gwf-cmake-3.29.6-debug"
            }
          ],
          "store_path": "/nix/store/kap109b20fvapdkpk0djrqy5chqc8rgh-cmake-3.29.6"
        },
        "x86_64-darwin": {
          "outputs": [
            {
              "name": "out",
              "path": "/nix/store/s1b6hfmgbib22r5xyrw86v9x6mljxhal-cmake-3.29.6",
              "default": true
            }
          ],
          "store_path": "/nix/store/s1b6hfmgbib22r5xyrw86v9x6mljxhal-cmake-3.29.6"
        },
        "x86_64-linux": {
          "outputs": [
            {
              "name": "out",
              "path": "/nix/store/24gbi6mcw4c6jgzai9aaxx9qi2rxdb09-cmake-3.29.6",
              "default": true
            },
            {
              "name": "debug",
              "path": "/nix/store/6jgji8dva0n4d9l3yplabfa29j6hsjwf-cmake-3.29.6-debug"
            }
          ],
          "store_path": "/nix/store/24gbi6mcw4c6jgzai9aaxx9qi2rxdb09-cmake-3.29.6"
        }
      }
    },
    "curl@latest": {
      "last_modified": "2025-12-05T15:03:55Z",
      "resolved": "github:NixOS/nixpkgs/a672be65651c80d3f592a89b3945466584a22069#curl",
      "source": "devbox-search",
      "version": "8.17.0",
      "systems": {
        "aarch64-darwin": {
          "outputs": [
            {
              "name": "bin",
              "path": "/nix/store/qfwqcndy8bji6xww0gizclf2nqi2qpph-curl-8.17.0-bin",
              "default": true
            },
            {
              "name": "man",
              "path": "/nix/store/rk815zvrhwzbi7c6d589v2mhxzyzb400-curl-8.17.0-man",
              "default": true
            },
            {
              "name": "dev",
              "path": "/nix/store/ydp55g2mbd6rk6lfw0krkk3jwgdiqj5d-curl-8.17.0-dev"
            },
            {
              "name": "devdoc",
              "path": "/nix/store/8s884m82fmrbiyz8malglqc4sd632dkc-curl-8.17.0-devdoc"
            },
            {
              "name": "out",
              "path": "/nix/store/yxv8fxaz0fyhc31dv3rz89kc50zw5hgj-curl-8.17.0"
            }
          ],
          "store_path": "/nix/store/qfwqcndy8bji6xww0gizclf2nqi2qpph-curl-8.17.0-bin"
        },
        "aarch64-linux": {
          "outputs": [
            {
              "name": "bin",
              "path": "/nix/store/4x19j6zihdl6pya63xs8g360f2r614sx-curl-8.17.0-bin",
              "default": true
            },
            {
              "name": "man",
              "path": "/nix/store/b29qbmbfvzkm34k0jnj8ykqg2gzj3rdy-curl-8.17.0-man",
              "default": true
            },
            {
              "name": "debug",
              "path": "/nix/store/5hmbdk99knmbg8b0fzh96bv6bkcf6v5i-curl-8.17.0-debug"
            },
            {
              "name": "dev",
              "path": "/nix/store/iqs9mjscns3h5npgkrhgr5xa7qzwd0si-curl-8.17.0-dev"
            },
            {
              "name": "devdoc",
              "path": "/nix/store/1fwncv08c8g78k3hj3cj375vx92ndrp8-curl-8.17.0-devdoc"
            },
            {
              "name": "out",
              "path": "/nix/store/b0a6qc92vybjiggh0kg387cg0zp3kl6j-curl-8.17.0"
            }
          ],
          "store_path": "/nix/store/4x19j6zihdl6pya63xs8g360f2r614sx-curl-8.17.0-bin"
        },
        "x86_64-darwin": {
          "outputs": [
            {
              "name": "bin",
              "path": "/nix/store/w2336wv560g1n58cwashmmczdn3bfkq1-curl-8.17.0-bin",
              "default": true
            },
            {
              "name": "man",
              "path": "/nix/store/i6xmhcan8g4abda7ivv20nvwxrsssjqj-curl-8.17.0-man",
              "default": true
            },
            {
              "name": "devdoc",
              "path": "/nix/store/ipa7v9z7pjcnnv0fmdya1fldcxv0a28z-curl-8.17.0-devdoc"
            },
            {
              "name": "out",
              "path": "/nix/store/x9gyg634fi8mgcyay9mqa1ral7xg72fm-curl-8.17.0"
            },
            {
              "name": "dev",
              "path": "/nix/store/39zfdgq9kg3mb4sycf8pj4pdssrzki6c-curl-8.17.0-dev"
            }
          ],
          "store_path": "/nix/store/w2336wv560g1n58cwashmmczdn3bfkq1-curl-8.17.0-bin"
        },
        "x86_64-linux": {
          "outputs": [
            {
              "name": "bin",
              "path": "/nix/store/0rfz69vp1nl0q2hxzig20hc60sk72z62-curl-8.17.0-bin",
              "default": true
            },
            {
              "name": "man",
              "path": "/nix/store/ijd0yybyzwm98d3q6x7a9cyixgxk0i5d-curl-8.17.0-man",
              "default": true
            },
            {
              "name": "debug",
              "path": "/nix/store/h1fxw0xrifxvbhcp7b8hxsgirxxxfzav-curl-8.17.0-debug"
            },
            {
              "name": "dev",
              "path": "/nix/store/ikmdk37frjdblkba3wl3xws2wwgln17x-curl-8.17.0-dev"
            },
            {
              "name": "devdoc",
              "path": "/nix/store/jm6irg81cc0hqg43l39lkxr6pb0w2xk5-curl-8.17.0-devdoc"
            },
            {
              "name": "out",
              "path": "/nix/store/8idis3j5l13c3x74jl8xly0k4qyk9mx6-curl-8.17.0"
            }
          ],
          "store_path": "/nix/store/0rfz69vp1nl0q2hxzig20hc60sk72z62-curl-8.17.0-bin"
        }
      }
    },
    "github:NixOS/nixpkgs/nixpkgs-unstable": {
      "last_modified": "2025-11-27T07:58:14Z",
      "resolved": "github:NixOS/nixpkgs/0d59e0290eefe0f12512043842d7096c4070f30e?lastModified=1764230294&narHash=sha256-Z63xl5Scj3Y%2FzRBPAWq1eT68n2wBWGCIEF4waZ0bQBE%3D"
    },
    "just@latest": {
      "last_modified": "2025-11-23T21:50:36Z",
      "resolved": "github:NixOS/nixpkgs/ee09932cedcef15aaf476f9343d1dea2cb77e261#just",
      "source": "devbox-search",
      "version": "1.43.1",
      "systems": {
        "aarch64-darwin": {
          "outputs": [
            {
              "name": "out",
              "path": "/nix/store/g6cidwix7lzzb0i5lpisvb7gx051qsc1-just-1.43.1",
              "default": true
            },
            {
              "name": "man",
              "path": "/nix/store/y8ggbr7rq06mpqsdckpdsxzhjkspw63g-just-1.43.1-man",
              "default": true
            },
            {
              "name": "doc",
              "path": "/nix/store/g2z02i3a2z17h9cmx04sp7zpzzgzkqh8-just-1.43.1-doc"
            }
          ],
          "store_path": "/nix/store/g6cidwix7lzzb0i5lpisvb7gx051qsc1-just-1.43.1"
        },
        "aarch64-linux": {
          "outputs": [
            {
              "name": "out",
              "path": "/nix/store/ni4jn8rsn0h49lng7hdq6584zc4gpy9l-just-1.43.1",
              "default": true
            },
            {
              "name": "man",
              "path": "/nix/store/59aflmjxv0qbkaqzmjni4yydg873dl5v-just-1.43.1-man",
              "default": true
            },
            {
              "name": "doc",
              "path": "/nix/store/99qn6axss3rk7c681rkhj9zza0ax2i74-just-1.43.1-doc"
            }
          ],
          "store_path": "/nix/store/ni4jn8rsn0h49lng7hdq6584zc4gpy9l-just-1.43.1"
        },
        "x86_64-darwin": {
          "outputs": [
            {
              "name": "out",
              "path": "/nix/store/aa9459rdk1lzj2yd27csaasn9hb98ckr-just-1.43.1",
              "default": true
            },
            {
              "name": "man",
              "path": "/nix/store/j67aa2bj6ssz61x4bh0ga0z1qzzv3prp-just-1.43.1-man",
              "default": true
            },
            {
              "name": "doc",
              "path": "/nix/store/kqx5lgjwpaipi7whnydwkl72alwvn5jz-just-1.43.1-doc"
            }
          ],
          "store_path": "/nix/store/aa9459rdk1lzj2yd27csaasn9hb98ckr-just-1.43.1"
        },
        "x86_64-linux": {
          "outputs": [
            {
              "name": "out",
              "path": "/nix/store/kkmg0vkp9y4jp9yqgzrml0fgac9lfcyq-just-1.43.1",
              "default": true
            },
            {
              "name": "man",
              "path": "/nix/store/ib17hahpg1vpgh1ll0r7nb6rkmilpiil-just-1.43.1-man",
              "default": true
            },
            {
              "name": "doc",
              "path": "/nix/store/idyx9h5gmcnzzqbjb50nwf30i4g1050v-just-1.43.1-doc"
            }
          ],
          "store_path": "/nix/store/kkmg0vkp9y4jp9yqgzrml0fgac9lfcyq-just-1.43.1"
        }
      }
    },
    "libarchive@latest": {
      "last_modified": "2025-11-29T19:37:08Z",
      "resolved": "github:NixOS/nixpkgs/a09378c0108815dbf3961a0e085936f4146ec415#libarchive",
      "source": "devbox-search",
      "version": "3.8.2",
      "systems": {
        "aarch64-darwin": {
          "outputs": [
            {
              "name": "out",
              "path": "/nix/store/n368la86jw5jwr2nlwxlzzlsjprdmcr1-libarchive-3.8.2",
              "default": true
            },
            {
              "name": "dev",
              "path": "/nix/store/hlnxdhm3mszqqdrap0dfnkdgkxh7h83g-libarchive-3.8.2-dev"
            },
            {
              "name": "lib",
              "path": "/nix/store/95qhv8g5p9fs979fh0dr9f29kq3rlf7z-libarchive-3.8.2-lib"
            }
          ],
          "store_path": "/nix/store/n368la86jw5jwr2nlwxlzzlsjprdmcr1-libarchive-3.8.2"
        },
        "aarch64-linux": {
          "outputs": [
            {
              "name": "out",
              "path": "/nix/store/ba0yc1iaj2sva2pz60k9zbwa142bmg6q-libarchive-3.8.2",
              "default": true
            },
            {
              "name": "lib",
              "path": "/nix/store/iw0d2wfffxfwp8clbwacixyml1skmnwy-libarchive-3.8.2-lib"
            },
            {
              "name": "dev",
              "path": "/nix/store/dc2s5x3vpgaq13aqr5j11yfzd80h1jfk-libarchive-3.8.2-dev"
            }
          ],
          "store_path": "/nix/store/ba0yc1iaj2sva2pz60k9zbwa142bmg6q-libarchive-3.8.2"
        },
        "x86_64-darwin": {
          "outputs": [
            {
              "name": "out",
              "path": "/nix/store/bpj5hm7rnzsmpfq6dk60ha16svsnxrir-libarchive-3.8.2",
              "default": true
            },
            {
              "name": "dev",
              "path": "/nix/store/b0v2swl43ig3sbdyagrg8ca6i6zm8hl8-libarchive-3.8.2-dev"
            },
            {
              "name": "lib",
              "path": "/nix/store/9a5w9kdyz5yz5vqigimj0gj61dmcyigf-libarchive-3.8.2-lib"
            }
          ],
          "store_path": "/nix/store/bpj5hm7rnzsmpfq6dk60ha16svsnxrir-libarchive-3.8.2"
        },
        "x86_64-linux": {
          "outputs": [
            {
              "name": "out",
              "path": "/nix/store/aalr0n6jhv0kddz686c9b5pxxxld1xg6-libarchive-3.8.2",
              "default": true
            },
            {
              "name": "dev",
              "path": "/nix/store/r5rj8kvkhck5n10dvsqdnxapih78l222-libarchive-3.8.2-dev"
            },
            {
              "name": "lib",
              "path": "/nix/store/6b249f65yvn45irgjbps1s2f33i9if6w-libarchive-3.8.2-lib"
            }
          ],
          "store_path": "/nix/store/aalr0n6jhv0kddz686c9b5pxxxld1xg6-libarchive-3.8.2"
        }
      }
    },
    "ninja@latest": {
      "last_modified": "2025-11-23T21:50:36Z",
      "resolved": "github:NixOS/nixpkgs/ee09932cedcef15aaf476f9343d1dea2cb77e261#ninja",
      "source": "devbox-search",
      "version": "1.13.1",
      "systems": {
        "aarch64-darwin": {
          "outputs": [
            {
              "name": "out",
              "path": "/nix/store/6y79vrqachzns4pgl8r0j04b7g33hl52-ninja-1.13.1",
              "default": true
            }
          ],
          "store_path": "/nix/store/6y79vrqachzns4pgl8r0j04b7g33hl52-ninja-1.13.1"
        },
        "aarch64-linux": {
          "outputs": [
            {
              "name": "out",
              "path": "/nix/store/jpwn5zii6bzpvf9dm4dw7cdvwychpxwz-ninja-1.13.1",
              "default": true
            }
          ],
          "store_path": "/nix/store/jpwn5zii6bzpvf9dm4dw7cdvwychpxwz-ninja-1.13.1"
        },
        "x86_64-darwin": {
          "outputs": [
            {
              "name": "out",
              "path": "/nix/store/82kdfnd09s2npwlsnqzak29nf592czr6-ninja-1.13.1",
              "default": true
            }
          ],
          "store_path": "/nix/store/82kdfnd09s2npwlsnqzak29nf592czr6-ninja-1.13.1"
        },
        "x86_64-linux": {
          "outputs": [
            {
              "name": "out",
              "path": "/nix/store/nib1r4k4cqph7zjjnbfc1d6cbg11qr76-ninja-1.13.1",
              "default": true
            }
          ],
          "store_path": "/nix/store/nib1r4k4cqph7zjjnbfc1d6cbg11qr76-ninja-1.13.1"
        }
      }
    }
  }
}
